
Microsoft Visual Studio Solution File, Format Version 12.00
# Visual Studio 15
VisualStudioVersion = 15.0.27703.2018
MinimumVisualStudioVersion = 10.0.40219.1
Project("{FAE04EC0-301F-11D3-BF4B-00C04F79EFBC}") = "WebApp", "WebApp\WebApp.csproj", "{35CC19F2-832F-4D9D-A80E-30BC538F7437}"
EndProject
Project("{FAE04EC0-301F-11D3-BF4B-00C04F79EFBC}") = "WebApp.Rule", "WebApp.Rule\WebApp.Rule.csproj", "{D6F31467-F5D5-471E-8A58-0A6D6FD9B3B7}"
EndProject
Global
	GlobalSection(SolutionConfigurationPlatforms) = preSolution
		Debug|Any CPU = Debug|Any CPU
		Release|Any CPU = Release|Any CPU
	EndGlobalSection
	GlobalSection(ProjectConfigurationPlatforms) = postSolution
		{35CC19F2-832F-4D9D-A80E-30BC538F7437}.Debug|Any CPU.ActiveCfg = Debug|Any CPU
		{35CC19F2-832F-4D9D-A80E-30BC538F7437}.Debug|Any CPU.Build.0 = Debug|Any CPU
		{35CC19F2-832F-4D9D-A80E-30BC538F7437}.Release|Any CPU.ActiveCfg = Release|Any CPU
		{35CC19F2-832F-4D9D-A80E-30BC538F7437}.Release|Any CPU.Build.0 = Release|Any CPU
		{D6F31467-F5D5-471E-8A58-0A6D6FD9B3B7}.Debug|Any CPU.ActiveCfg = Debug|Any CPU
		{D6F31467-F5D5-471E-8A58-0A6D6FD9B3B7}.Debug|Any CPU.Build.0 = Debug|Any CPU
		{D6F31467-F5D5-471E-8A58-0A6D6FD9B3B7}.Release|Any CPU.ActiveCfg = Release|Any CPU
		{D6F31467-F5D5-471E-8A58-0A6D6FD9B3B7}.Release|Any CPU.Build.0 = Release|Any CPU
	EndGlobalSection
	GlobalSection(SolutionProperties) = preSolution
		HideSolutionNode = FALSE
	EndGlobalSection
	GlobalSection(ExtensibilityGlobals) = postSolution
		SolutionGuid = {A41CD17C-0881-43F0-A4F0-7CFB794EE584}
	EndGlobalSection
EndGlobal
